// !$*UTF8*$!
{
	archiveVersion = 1;
	classes = {
	};
	objectVersion = 50;
	objects = {

/* Begin PBXBuildFile section */
		5F2916D117F9C3E3BE26DC2B /* Pods_Smack.framework in Frameworks */ = {isa = PBXBuildFile; fileRef = D73CE385D2D9CC54237C8A71 /* Pods_Smack.framework */; };
		D93A6C1F20F2BCB5000CD972 /* Constants.swift in Sources */ = {isa = PBXBuildFile; fileRef = D93A6C1E20F2BCB5000CD972 /* Constants.swift */; };
		D93A6C2120F2C72C000CD972 /* LoginVC.swift in Sources */ = {isa = PBXBuildFile; fileRef = D93A6C2020F2C72C000CD972 /* LoginVC.swift */; };
		D942AEA8207451CE001971B3 /* AppDelegate.swift in Sources */ = {isa = PBXBuildFile; fileRef = D942AEA7207451CE001971B3 /* AppDelegate.swift */; };
		D942AEAD207451CE001971B3 /* Main.storyboard in Resources */ = {isa = PBXBuildFile; fileRef = D942AEAB207451CE001971B3 /* Main.storyboard */; };
		D942AEAF207451CF001971B3 /* Assets.xcassets in Resources */ = {isa = PBXBuildFile; fileRef = D942AEAE207451CF001971B3 /* Assets.xcassets */; };
		D942AEB2207451CF001971B3 /* LaunchScreen.storyboard in Resources */ = {isa = PBXBuildFile; fileRef = D942AEB0207451CF001971B3 /* LaunchScreen.storyboard */; };
		D942AEBD20745EE6001971B3 /* SWRevealViewController.m in Sources */ = {isa = PBXBuildFile; fileRef = D942AEBC20745EE6001971B3 /* SWRevealViewController.m */; };
		D989D35E20EB058800D22B68 /* GradientView.swift in Sources */ = {isa = PBXBuildFile; fileRef = D989D35D20EB058800D22B68 /* GradientView.swift */; };
		D9A70AC520A7DB53002DEF44 /* ChatVC.swift in Sources */ = {isa = PBXBuildFile; fileRef = D9A70AC420A7DB53002DEF44 /* ChatVC.swift */; };
		D9A70AC720A7DB65002DEF44 /* ChannelVC.swift in Sources */ = {isa = PBXBuildFile; fileRef = D9A70AC620A7DB65002DEF44 /* ChannelVC.swift */; };
/* End PBXBuildFile section */

/* Begin PBXFileReference section */
		9EDE71E5A531463E2B7D619B /* Pods-Smack.debug.xcconfig */ = {isa = PBXFileReference; includeInIndex = 1; lastKnownFileType = text.xcconfig; name = "Pods-Smack.debug.xcconfig"; path = "Pods/Target Support Files/Pods-Smack/Pods-Smack.debug.xcconfig"; sourceTree = "<group>"; };
		C8AD45375A4807AD418C55A6 /* Pods-Smack.release.xcconfig */ = {isa = PBXFileReference; includeInIndex = 1; lastKnownFileType = text.xcconfig; name = "Pods-Smack.release.xcconfig"; path = "Pods/Target Support Files/Pods-Smack/Pods-Smack.release.xcconfig"; sourceTree = "<group>"; };
		D73CE385D2D9CC54237C8A71 /* Pods_Smack.framework */ = {isa = PBXFileReference; explicitFileType = wrapper.framework; includeInIndex = 0; path = Pods_Smack.framework; sourceTree = BUILT_PRODUCTS_DIR; };
		D93A6C1E20F2BCB5000CD972 /* Constants.swift */ = {isa = PBXFileReference; lastKnownFileType = sourcecode.swift; path = Constants.swift; sourceTree = "<group>"; };
		D93A6C2020F2C72C000CD972 /* LoginVC.swift */ = {isa = PBXFileReference; lastKnownFileType = sourcecode.swift; path = LoginVC.swift; sourceTree = "<group>"; };
		D942AEA4207451CE001971B3 /* Smack.app */ = {isa = PBXFileReference; explicitFileType = wrapper.application; includeInIndex = 0; path = Smack.app; sourceTree = BUILT_PRODUCTS_DIR; };
		D942AEA7207451CE001971B3 /* AppDelegate.swift */ = {isa = PBXFileReference; lastKnownFileType = sourcecode.swift; path = AppDelegate.swift; sourceTree = "<group>"; };
		D942AEAC207451CE001971B3 /* Base */ = {isa = PBXFileReference; lastKnownFileType = file.storyboard; name = Base; path = Base.lproj/Main.storyboard; sourceTree = "<group>"; };
		D942AEAE207451CF001971B3 /* Assets.xcassets */ = {isa = PBXFileReference; lastKnownFileType = folder.assetcatalog; path = Assets.xcassets; sourceTree = "<group>"; };
		D942AEB1207451CF001971B3 /* Base */ = {isa = PBXFileReference; lastKnownFileType = file.storyboard; name = Base; path = Base.lproj/LaunchScreen.storyboard; sourceTree = "<group>"; };
		D942AEB3207451CF001971B3 /* Info.plist */ = {isa = PBXFileReference; lastKnownFileType = text.plist.xml; path = Info.plist; sourceTree = "<group>"; };
		D942AEBA20745EE5001971B3 /* Smack-Bridging-Header.h */ = {isa = PBXFileReference; lastKnownFileType = sourcecode.c.h; path = "Smack-Bridging-Header.h"; sourceTree = "<group>"; };
		D942AEBB20745EE6001971B3 /* SWRevealViewController.h */ = {isa = PBXFileReference; fileEncoding = 4; lastKnownFileType = sourcecode.c.h; path = SWRevealViewController.h; sourceTree = "<group>"; };
		D942AEBC20745EE6001971B3 /* SWRevealViewController.m */ = {isa = PBXFileReference; fileEncoding = 4; lastKnownFileType = sourcecode.c.objc; path = SWRevealViewController.m; sourceTree = "<group>"; };
		D989D35D20EB058800D22B68 /* GradientView.swift */ = {isa = PBXFileReference; lastKnownFileType = sourcecode.swift; path = GradientView.swift; sourceTree = "<group>"; };
		D9A70AC420A7DB53002DEF44 /* ChatVC.swift */ = {isa = PBXFileReference; lastKnownFileType = sourcecode.swift; path = ChatVC.swift; sourceTree = "<group>"; };
		D9A70AC620A7DB65002DEF44 /* ChannelVC.swift */ = {isa = PBXFileReference; lastKnownFileType = sourcecode.swift; path = ChannelVC.swift; sourceTree = "<group>"; };
/* End PBXFileReference section */

/* Begin PBXFrameworksBuildPhase section */
		D942AEA1207451CE001971B3 /* Frameworks */ = {
			isa = PBXFrameworksBuildPhase;
			buildActionMask = 2147483647;
			files = (
				5F2916D117F9C3E3BE26DC2B /* Pods_Smack.framework in Frameworks */,
			);
			runOnlyForDeploymentPostprocessing = 0;
		};
/* End PBXFrameworksBuildPhase section */

/* Begin PBXGroup section */
		AA51635DED02CDB169F697D2 /* Pods */ = {
			isa = PBXGroup;
			children = (
				9EDE71E5A531463E2B7D619B /* Pods-Smack.debug.xcconfig */,
				C8AD45375A4807AD418C55A6 /* Pods-Smack.release.xcconfig */,
			);
			name = Pods;
			sourceTree = "<group>";
		};
		CEADF1E6326274F153250F31 /* Frameworks */ = {
			isa = PBXGroup;
			children = (
				D73CE385D2D9CC54237C8A71 /* Pods_Smack.framework */,
			);
			name = Frameworks;
			sourceTree = "<group>";
		};
		D93A6C1D20F2BCA0000CD972 /* Utilities */ = {
			isa = PBXGroup;
			children = (
				D93A6C1E20F2BCB5000CD972 /* Constants.swift */,
			);
			path = Utilities;
			sourceTree = "<group>";
		};
		D942AE9B207451CE001971B3 = {
			isa = PBXGroup;
			children = (
				D942AEA6207451CE001971B3 /* Smack */,
				D942AEA5207451CE001971B3 /* Products */,
				AA51635DED02CDB169F697D2 /* Pods */,
				CEADF1E6326274F153250F31 /* Frameworks */,
			);
			sourceTree = "<group>";
		};
		D942AEA5207451CE001971B3 /* Products */ = {
			isa = PBXGroup;
			children = (
				D942AEA4207451CE001971B3 /* Smack.app */,
			);
			name = Products;
			sourceTree = "<group>";
		};
		D942AEA6207451CE001971B3 /* Smack */ = {
			isa = PBXGroup;
			children = (
				D93A6C1D20F2BCA0000CD972 /* Utilities */,
				D9A70AC320A7DB36002DEF44 /* Model */,
				D9A70AC220A7DB31002DEF44 /* View */,
				D9A70AC120A7DB29002DEF44 /* Controller */,
				D942AEB920745EA3001971B3 /* Supporting Files */,
				D942AEA7207451CE001971B3 /* AppDelegate.swift */,
				D942AEAB207451CE001971B3 /* Main.storyboard */,
				D942AEAE207451CF001971B3 /* Assets.xcassets */,
				D942AEB0207451CF001971B3 /* LaunchScreen.storyboard */,
				D942AEB3207451CF001971B3 /* Info.plist */,
			);
			path = Smack;
			sourceTree = "<group>";
		};
		D942AEB920745EA3001971B3 /* Supporting Files */ = {
			isa = PBXGroup;
			children = (
				D942AEBB20745EE6001971B3 /* SWRevealViewController.h */,
				D942AEBC20745EE6001971B3 /* SWRevealViewController.m */,
				D942AEBA20745EE5001971B3 /* Smack-Bridging-Header.h */,
			);
			path = "Supporting Files";
			sourceTree = "<group>";
		};
		D9A70AC120A7DB29002DEF44 /* Controller */ = {
			isa = PBXGroup;
			children = (
				D9A70AC420A7DB53002DEF44 /* ChatVC.swift */,
				D9A70AC620A7DB65002DEF44 /* ChannelVC.swift */,
				D93A6C2020F2C72C000CD972 /* LoginVC.swift */,
			);
			path = Controller;
			sourceTree = "<group>";
		};
		D9A70AC220A7DB31002DEF44 /* View */ = {
			isa = PBXGroup;
			children = (
				D989D35D20EB058800D22B68 /* GradientView.swift */,
			);
			path = View;
			sourceTree = "<group>";
		};
		D9A70AC320A7DB36002DEF44 /* Model */ = {
			isa = PBXGroup;
			children = (
			);
			path = Model;
			sourceTree = "<group>";
		};
/* End PBXGroup section */

/* Begin PBXNativeTarget section */
		D942AEA3207451CE001971B3 /* Smack */ = {
			isa = PBXNativeTarget;
			buildConfigurationList = D942AEB6207451CF001971B3 /* Build configuration list for PBXNativeTarget "Smack" */;
			buildPhases = (
				61C8B0914171AFF0852DDB35 /* [CP] Check Pods Manifest.lock */,
				D942AEA0207451CE001971B3 /* Sources */,
				D942AEA1207451CE001971B3 /* Frameworks */,
				D942AEA2207451CE001971B3 /* Resources */,
				999C441BEE1E13363B1117F3 /* [CP] Embed Pods Frameworks */,
			);
			buildRules = (
			);
			dependencies = (
			);
			name = Smack;
			productName = Smack;
			productReference = D942AEA4207451CE001971B3 /* Smack.app */;
			productType = "com.apple.product-type.application";
		};
/* End PBXNativeTarget section */

/* Begin PBXProject section */
		D942AE9C207451CE001971B3 /* Project object */ = {
			isa = PBXProject;
			attributes = {
				LastSwiftUpdateCheck = 0930;
				LastUpgradeCheck = 0930;
				ORGANIZATIONNAME = "Zach Burton";
				TargetAttributes = {
					D942AEA3207451CE001971B3 = {
						CreatedOnToolsVersion = 9.3;
						LastSwiftMigration = 0930;
					};
				};
			};
			buildConfigurationList = D942AE9F207451CE001971B3 /* Build configuration list for PBXProject "Smack" */;
			compatibilityVersion = "Xcode 9.3";
			developmentRegion = en;
			hasScannedForEncodings = 0;
			knownRegions = (
				en,
				Base,
			);
			mainGroup = D942AE9B207451CE001971B3;
			productRefGroup = D942AEA5207451CE001971B3 /* Products */;
			projectDirPath = "";
			projectRoot = "";
			targets = (
				D942AEA3207451CE001971B3 /* Smack */,
			);
		};
/* End PBXProject section */

/* Begin PBXResourcesBuildPhase section */
		D942AEA2207451CE001971B3 /* Resources */ = {
			isa = PBXResourcesBuildPhase;
			buildActionMask = 2147483647;
			files = (
				D942AEB2207451CF001971B3 /* LaunchScreen.storyboard in Resources */,
				D942AEAF207451CF001971B3 /* Assets.xcassets in Resources */,
				D942AEAD207451CE001971B3 /* Main.storyboard in Resources */,
			);
			runOnlyForDeploymentPostprocessing = 0;
		};
/* End PBXResourcesBuildPhase section */

/* Begin PBXShellScriptBuildPhase section */
		61C8B0914171AFF0852DDB35 /* [CP] Check Pods Manifest.lock */ = {
			isa = PBXShellScriptBuildPhase;
			buildActionMask = 2147483647;
			files = (
			);
			inputPaths = (
				"${PODS_PODFILE_DIR_PATH}/Podfile.lock",
				"${PODS_ROOT}/Manifest.lock",
			);
			name = "[CP] Check Pods Manifest.lock";
			outputPaths = (
				"$(DERIVED_FILE_DIR)/Pods-Smack-checkManifestLockResult.txt",
			);
			runOnlyForDeploymentPostprocessing = 0;
			shellPath = /bin/sh;
			shellScript = "diff \"${PODS_PODFILE_DIR_PATH}/Podfile.lock\" \"${PODS_ROOT}/Manifest.lock\" > /dev/null\nif [ $? != 0 ] ; then\n    # print error to STDERR\n    echo \"error: The sandbox is not in sync with the Podfile.lock. Run 'pod install' or update your CocoaPods installation.\" >&2\n    exit 1\nfi\n# This output is used by Xcode 'outputs' to avoid re-running this script phase.\necho \"SUCCESS\" > \"${SCRIPT_OUTPUT_FILE_0}\"\n";
			showEnvVarsInLog = 0;
		};
		999C441BEE1E13363B1117F3 /* [CP] Embed Pods Frameworks */ = {
			isa = PBXShellScriptBuildPhase;
			buildActionMask = 2147483647;
			files = (
			);
			inputPaths = (
				"${SRCROOT}/Pods/Target Support Files/Pods-Smack/Pods-Smack-frameworks.sh",
				"${BUILT_PRODUCTS_DIR}/Alamofire/Alamofire.framework",
				"${BUILT_PRODUCTS_DIR}/Socket.IO-Client-Swift/SocketIO.framework",
				"${BUILT_PRODUCTS_DIR}/Starscream/Starscream.framework",
				"${BUILT_PRODUCTS_DIR}/StarscreamSocketIO/StarscreamSocketIO.framework",
				"${BUILT_PRODUCTS_DIR}/SwiftyJSON/SwiftyJSON.framework",
			);
			name = "[CP] Embed Pods Frameworks";
			outputPaths = (
				"${TARGET_BUILD_DIR}/${FRAMEWORKS_FOLDER_PATH}/Alamofire.framework",
				"${TARGET_BUILD_DIR}/${FRAMEWORKS_FOLDER_PATH}/SocketIO.framework",
				"${TARGET_BUILD_DIR}/${FRAMEWORKS_FOLDER_PATH}/Starscream.framework",
				"${TARGET_BUILD_DIR}/${FRAMEWORKS_FOLDER_PATH}/StarscreamSocketIO.framework",
				"${TARGET_BUILD_DIR}/${FRAMEWORKS_FOLDER_PATH}/SwiftyJSON.framework",
			);
			runOnlyForDeploymentPostprocessing = 0;
			shellPath = /bin/sh;
			shellScript = "\"${SRCROOT}/Pods/Target Support Files/Pods-Smack/Pods-Smack-frameworks.sh\"\n";
			showEnvVarsInLog = 0;
		};
/* End PBXShellScriptBuildPhase section */

/* Begin PBXSourcesBuildPhase section */
		D942AEA0207451CE001971B3 /* Sources */ = {
			isa = PBXSourcesBuildPhase;
			buildActionMask = 2147483647;
			files = (
				D9A70AC720A7DB65002DEF44 /* ChannelVC.swift in Sources */,
				D9A70AC520A7DB53002DEF44 /* ChatVC.swift in Sources */,
				D93A6C2120F2C72C000CD972 /* LoginVC.swift in Sources */,
				D989D35E20EB058800D22B68 /* GradientView.swift in Sources */,
				D942AEA8207451CE001971B3 /* AppDelegate.swift in Sources */,
				D942AEBD20745EE6001971B3 /* SWRevealViewController.m in Sources */,
				D93A6C1F20F2BCB5000CD972 /* Constants.swift in Sources */,
			);
			runOnlyForDeploymentPostprocessing = 0;
		};
/* End PBXSourcesBuildPhase section */

/* Begin PBXVariantGroup section */
		D942AEAB207451CE001971B3 /* Main.storyboard */ = {
			isa = PBXVariantGroup;
			children = (
				D942AEAC207451CE001971B3 /* Base */,
			);
			name = Main.storyboard;
			sourceTree = "<group>";
		};
		D942AEB0207451CF001971B3 /* LaunchScreen.storyboard */ = {
			isa = PBXVariantGroup;
			children = (
				D942AEB1207451CF001971B3 /* Base */,
			);
			name = LaunchScreen.storyboard;
			sourceTree = "<group>";
		};
/* End PBXVariantGroup section */

/* Begin XCBuildConfiguration section */
		D942AEB4207451CF001971B3 /* Debug */ = {
			isa = XCBuildConfiguration;
			buildSettings = {
				ALWAYS_SEARCH_USER_PATHS = NO;
				CLANG_ANALYZER_NONNULL = YES;
				CLANG_ANALYZER_NUMBER_OBJECT_CONVERSION = YES_AGGRESSIVE;
				CLANG_CXX_LANGUAGE_STANDARD = "gnu++14";
				CLANG_CXX_LIBRARY = "libc++";
				CLANG_ENABLE_MODULES = YES;
				CLANG_ENABLE_OBJC_ARC = YES;
				CLANG_ENABLE_OBJC_WEAK = YES;
				CLANG_WARN_BLOCK_CAPTURE_AUTORELEASING = YES;
				CLANG_WARN_BOOL_CONVERSION = YES;
				CLANG_WARN_COMMA = YES;
				CLANG_WARN_CONSTANT_CONVERSION = YES;
				CLANG_WARN_DEPRECATED_OBJC_IMPLEMENTATIONS = YES;
				CLANG_WARN_DIRECT_OBJC_ISA_USAGE = YES_ERROR;
				CLANG_WARN_DOCUMENTATION_COMMENTS = YES;
				CLANG_WARN_EMPTY_BODY = YES;
				CLANG_WARN_ENUM_CONVERSION = YES;
				CLANG_WARN_INFINITE_RECURSION = YES;
				CLANG_WARN_INT_CONVERSION = YES;
				CLANG_WARN_NON_LITERAL_NULL_CONVERSION = YES;
				CLANG_WARN_OBJC_IMPLICIT_RETAIN_SELF = YES;
				CLANG_WARN_OBJC_LITERAL_CONVERSION = YES;
				CLANG_WARN_OBJC_ROOT_CLASS = YES_ERROR;
				CLANG_WARN_RANGE_LOOP_ANALYSIS = YES;
				CLANG_WARN_STRICT_PROTOTYPES = YES;
				CLANG_WARN_SUSPICIOUS_MOVE = YES;
				CLANG_WARN_UNGUARDED_AVAILABILITY = YES_AGGRESSIVE;
				CLANG_WARN_UNREACHABLE_CODE = YES;
				CLANG_WARN__DUPLICATE_METHOD_MATCH = YES;
				CODE_SIGN_IDENTITY = "iPhone Developer";
				COPY_PHASE_STRIP = NO;
				DEBUG_INFORMATION_FORMAT = dwarf;
				ENABLE_STRICT_OBJC_MSGSEND = YES;
				ENABLE_TESTABILITY = YES;
				GCC_C_LANGUAGE_STANDARD = gnu11;
				GCC_DYNAMIC_NO_PIC = NO;
				GCC_NO_COMMON_BLOCKS = YES;
				GCC_OPTIMIZATION_LEVEL = 0;
				GCC_PREPROCESSOR_DEFINITIONS = (
					"DEBUG=1",
					"$(inherited)",
				);
				GCC_WARN_64_TO_32_BIT_CONVERSION = YES;
				GCC_WARN_ABOUT_RETURN_TYPE = YES_ERROR;
				GCC_WARN_UNDECLARED_SELECTOR = YES;
				GCC_WARN_UNINITIALIZED_AUTOS = YES_AGGRESSIVE;
				GCC_WARN_UNUSED_FUNCTION = YES;
				GCC_WARN_UNUSED_VARIABLE = YES;
				IPHONEOS_DEPLOYMENT_TARGET = 11.3;
				MTL_ENABLE_DEBUG_INFO = YES;
				ONLY_ACTIVE_ARCH = YES;
				SDKROOT = iphoneos;
				SWIFT_ACTIVE_COMPILATION_CONDITIONS = DEBUG;
				SWIFT_OPTIMIZATION_LEVEL = "-Onone";
			};
			name = Debug;
		};
		D942AEB5207451CF001971B3 /* Release */ = {
			isa = XCBuildConfiguration;
			buildSettings = {
				ALWAYS_SEARCH_USER_PATHS = NO;
				CLANG_ANALYZER_NONNULL = YES;
				CLANG_ANALYZER_NUMBER_OBJECT_CONVERSION = YES_AGGRESSIVE;
				CLANG_CXX_LANGUAGE_STANDARD = "gnu++14";
				CLANG_CXX_LIBRARY = "libc++";
				CLANG_ENABLE_MODULES = YES;
				CLANG_ENABLE_OBJC_ARC = YES;
				CLANG_ENABLE_OBJC_WEAK = YES;
				CLANG_WARN_BLOCK_CAPTURE_AUTORELEASING = YES;
				CLANG_WARN_BOOL_CONVERSION = YES;
				CLANG_WARN_COMMA = YES;
				CLANG_WARN_CONSTANT_CONVERSION = YES;
				CLANG_WARN_DEPRECATED_OBJC_IMPLEMENTATIONS = YES;
				CLANG_WARN_DIRECT_OBJC_ISA_USAGE = YES_ERROR;
				CLANG_WARN_DOCUMENTATION_COMMENTS = YES;
				CLANG_WARN_EMPTY_BODY = YES;
				CLANG_WARN_ENUM_CONVERSION = YES;
				CLANG_WARN_INFINITE_RECURSION = YES;
				CLANG_WARN_INT_CONVERSION = YES;
				CLANG_WARN_NON_LITERAL_NULL_CONVERSION = YES;
				CLANG_WARN_OBJC_IMPLICIT_RETAIN_SELF = YES;
				CLANG_WARN_OBJC_LITERAL_CONVERSION = YES;
				CLANG_WARN_OBJC_ROOT_CLASS = YES_ERROR;
				CLANG_WARN_RANGE_LOOP_ANALYSIS = YES;
				CLANG_WARN_STRICT_PROTOTYPES = YES;
				CLANG_WARN_SUSPICIOUS_MOVE = YES;
				CLANG_WARN_UNGUARDED_AVAILABILITY = YES_AGGRESSIVE;
				CLANG_WARN_UNREACHABLE_CODE = YES;
				CLANG_WARN__DUPLICATE_METHOD_MATCH = YES;
				CODE_SIGN_IDENTITY = "iPhone Developer";
				COPY_PHASE_STRIP = NO;
				DEBUG_INFORMATION_FORMAT = "dwarf-with-dsym";
				ENABLE_NS_ASSERTIONS = NO;
				ENABLE_STRICT_OBJC_MSGSEND = YES;
				GCC_C_LANGUAGE_STANDARD = gnu11;
				GCC_NO_COMMON_BLOCKS = YES;
				GCC_WARN_64_TO_32_BIT_CONVERSION = YES;
				GCC_WARN_ABOUT_RETURN_TYPE = YES_ERROR;
				GCC_WARN_UNDECLARED_SELECTOR = YES;
				GCC_WARN_UNINITIALIZED_AUTOS = YES_AGGRESSIVE;
				GCC_WARN_UNUSED_FUNCTION = YES;
				GCC_WARN_UNUSED_VARIABLE = YES;
				IPHONEOS_DEPLOYMENT_TARGET = 11.3;
				MTL_ENABLE_DEBUG_INFO = NO;
				SDKROOT = iphoneos;
				SWIFT_COMPILATION_MODE = wholemodule;
				SWIFT_OPTIMIZATION_LEVEL = "-O";
				VALIDATE_PRODUCT = YES;
			};
			name = Release;
		};
		D942AEB7207451CF001971B3 /* Debug */ = {
			isa = XCBuildConfiguration;
			baseConfigurationReference = 9EDE71E5A531463E2B7D619B /* Pods-Smack.debug.xcconfig */;
			buildSettings = {
				ASSETCATALOG_COMPILER_APPICON_NAME = AppIcon;
				CLANG_ENABLE_MODULES = YES;
				CODE_SIGN_STYLE = Automatic;
				DEVELOPMENT_TEAM = TB2M2JBLPK;
				INFOPLIST_FILE = Smack/Info.plist;
				LD_RUNPATH_SEARCH_PATHS = (
					"$(inherited)",
					"@executable_path/Frameworks",
				);
				PRODUCT_BUNDLE_IDENTIFIER = ZBDEV.Smack;
				PRODUCT_NAME = "$(TARGET_NAME)";
				SWIFT_OBJC_BRIDGING_HEADER = "Smack/Supporting Files/Smack-Bridging-Header.h";
				SWIFT_OPTIMIZATION_LEVEL = "-Onone";
				SWIFT_VERSION = 4.0;
				TARGETED_DEVICE_FAMILY = "1,2";
			};
			name = Debug;
		};
		D942AEB8207451CF001971B3 /* Release */ = {
			isa = XCBuildConfiguration;
			baseConfigurationReference = C8AD45375A4807AD418C55A6 /* Pods-Smack.release.xcconfig */;
			buildSettings = {
				ASSETCATALOG_COMPILER_APPICON_NAME = AppIcon;
				CLANG_ENABLE_MODULES = YES;
				CODE_SIGN_STYLE = Automatic;
				DEVELOPMENT_TEAM = TB2M2JBLPK;
				INFOPLIST_FILE = Smack/Info.plist;
				LD_RUNPATH_SEARCH_PATHS = (
					"$(inherited)",
					"@executable_path/Frameworks",
				);
				PRODUCT_BUNDLE_IDENTIFIER = ZBDEV.Smack;
				PRODUCT_NAME = "$(TARGET_NAME)";
				SWIFT_OBJC_BRIDGING_HEADER = "Smack/Supporting Files/Smack-Bridging-Header.h";
				SWIFT_VERSION = 4.0;
				TARGETED_DEVICE_FAMILY = "1,2";
			};
			name = Release;
		};
/* End XCBuildConfiguration section */

/* Begin XCConfigurationList section */
		D942AE9F207451CE001971B3 /* Build configuration list for PBXProject "Smack" */ = {
			isa = XCConfigurationList;
			buildConfigurations = (
				D942AEB4207451CF001971B3 /* Debug */,
				D942AEB5207451CF001971B3 /* Release */,
			);
			defaultConfigurationIsVisible = 0;
			defaultConfigurationName = Release;
		};
		D942AEB6207451CF001971B3 /* Build configuration list for PBXNativeTarget "Smack" */ = {
			isa = XCConfigurationList;
			buildConfigurations = (
				D942AEB7207451CF001971B3 /* Debug */,
				D942AEB8207451CF001971B3 /* Release */,
			);
			defaultConfigurationIsVisible = 0;
			defaultConfigurationName = Release;
		};
/* End XCConfigurationList section */
	};
	rootObject = D942AE9C207451CE001971B3 /* Project object */;
}
